<?xml version="1.0" encoding="utf-8"?>
<Project ToolsVersion="4.0" xmlns="http://schemas.microsoft.com/developer/msbuild/2003">
  <ItemGroup>
    <Filter Include="rA_common">
      <UniqueIdentifier>{386b1f27-bf47-4da1-b15e-21b6ec1ee59a}</UniqueIdentifier>
    </Filter>
  </ItemGroup>
  <ItemGroup>
    <ClInclude Include="..\src\common\atomic.h">
      <Filter>rA_common</Filter>
    </ClInclude>
    <ClInclude Include="..\src\common\cbasetypes.h">
      <Filter>rA_common</Filter>
    </ClInclude>
    <ClInclude Include="..\src\common\cli.h">
      <Filter>rA_common</Filter>
    </ClInclude>
    <ClInclude Include="..\src\common\conf.h">
      <Filter>rA_common</Filter>
    </ClInclude>
    <ClInclude Include="..\src\common\core.h">
      <Filter>rA_common</Filter>
    </ClInclude>
    <ClInclude Include="..\src\common\db.h">
      <Filter>rA_common</Filter>
    </ClInclude>
    <ClInclude Include="..\src\common\des.h">
      <Filter>rA_common</Filter>
    </ClInclude>
    <ClInclude Include="..\src\common\epoll.h">
      <Filter>rA_common</Filter>
    </ClInclude>
    <ClInclude Include="..\src\common\ers.h">
      <Filter>rA_common</Filter>
    </ClInclude>
    <ClInclude Include="..\src\common\evdp.h">
      <Filter>rA_common</Filter>
    </ClInclude>
    <ClInclude Include="..\src\common\grfio.h">
      <Filter>rA_common</Filter>
    </ClInclude>
    <ClInclude Include="..\src\common\malloc.h">
      <Filter>rA_common</Filter>
    </ClInclude>
    <ClInclude Include="..\src\common\mapindex.h">
      <Filter>rA_common</Filter>
    </ClInclude>
    <ClInclude Include="..\src\common\md5calc.h">
      <Filter>rA_common</Filter>
    </ClInclude>
    <ClInclude Include="..\src\common\mempool.h">
      <Filter>rA_common</Filter>
    </ClInclude>
    <ClInclude Include="..\src\common\mmo.h">
      <Filter>rA_common</Filter>
    </ClInclude>
    <ClInclude Include="..\src\common\msg_conf.h">
      <Filter>rA_common</Filter>
    </ClInclude>
    <ClInclude Include="..\src\common\mutex.h">
      <Filter>rA_common</Filter>
    </ClInclude>
    <ClInclude Include="..\src\common\netbuffer.h">
      <Filter>rA_common</Filter>
    </ClInclude>
    <ClInclude Include="..\src\common\network.h">
      <Filter>rA_common</Filter>
    </ClInclude>
    <ClInclude Include="..\src\common\nullpo.h">
      <Filter>rA_common</Filter>
    </ClInclude>
    <ClInclude Include="..\src\common\raconf.h">
      <Filter>rA_common</Filter>
    </ClInclude>
    <ClInclude Include="..\src\common\random.h">
      <Filter>rA_common</Filter>
    </ClInclude>
    <ClInclude Include="..\src\common\showmsg.h">
      <Filter>rA_common</Filter>
    </ClInclude>
    <ClInclude Include="..\src\common\socket.h">
      <Filter>rA_common</Filter>
    </ClInclude>
    <ClInclude Include="..\src\common\spinlock.h">
      <Filter>rA_common</Filter>
    </ClInclude>
    <ClInclude Include="..\src\common\sql.h">
      <Filter>rA_common</Filter>
    </ClInclude>
    <ClInclude Include="..\src\common\strlib.h">
      <Filter>rA_common</Filter>
    </ClInclude>
    <ClInclude Include="targetver.h">
      <Filter>rA_common</Filter>
    </ClInclude>
    <ClInclude Include="..\src\common\thread.h">
      <Filter>rA_common</Filter>
    </ClInclude>
    <ClInclude Include="..\src\common\timer.h">
      <Filter>rA_common</Filter>
    </ClInclude>
    <ClInclude Include="..\src\common\utils.h">
      <Filter>rA_common</Filter>
    </ClInclude>
    <ClInclude Include="..\src\common\winapi.h">
      <Filter>rA_common</Filter>
    </ClInclude>
  </ItemGroup>
  <ItemGroup>
    <ClCompile Include="..\src\common\utils.c">
      <Filter>rA_common</Filter>
    </ClCompile>
    <ClCompile Include="..\src\common\timer.c">
      <Filter>rA_common</Filter>
    </ClCompile>
    <ClCompile Include="..\src\common\thread.c">
      <Filter>rA_common</Filter>
    </ClCompile>
    <ClCompile Include="..\src\common\strlib.c">
      <Filter>rA_common</Filter>
    </ClCompile>
    <ClCompile Include="..\src\common\sql.c">
      <Filter>rA_common</Filter>
    </ClCompile>
    <ClCompile Include="..\src\common\socket.c">
      <Filter>rA_common</Filter>
    </ClCompile>
    <ClCompile Include="..\src\common\showmsg.c">
      <Filter>rA_common</Filter>
    </ClCompile>
    <ClCompile Include="..\src\common\random.c">
      <Filter>rA_common</Filter>
    </ClCompile>
    <ClCompile Include="..\src\common\raconf.c">
      <Filter>rA_common</Filter>
    </ClCompile>
    <ClCompile Include="..\src\common\nullpo.c">
      <Filter>rA_common</Filter>
    </ClCompile>
    <ClCompile Include="..\src\common\network.c">
      <Filter>rA_common</Filter>
    </ClCompile>
    <ClCompile Include="..\src\common\netbuffer.c">
      <Filter>rA_common</Filter>
    </ClCompile>
    <ClCompile Include="..\src\common\mutex.c">
      <Filter>rA_common</Filter>
    </ClCompile>
    <ClCompile Include="..\src\common\msg_conf.c">
      <Filter>rA_common</Filter>
    </ClCompile>
    <ClCompile Include="..\src\common\mempool.c">
      <Filter>rA_common</Filter>
    </ClCompile>
    <ClCompile Include="..\src\common\md5calc.c">
      <Filter>rA_common</Filter>
    </ClCompile>
    <ClCompile Include="..\src\common\mapindex.c">
      <Filter>rA_common</Filter>
    </ClCompile>
    <ClCompile Include="..\src\common\malloc.c">
      <Filter>rA_common</Filter>
    </ClCompile>
    <ClCompile Include="..\src\common\grfio.c">
      <Filter>rA_common</Filter>
    </ClCompile>
    <ClCompile Include="..\src\common\evdp_epoll.c">
      <Filter>rA_common</Filter>
    </ClCompile>
    <ClCompile Include="..\src\common\ers.c">
      <Filter>rA_common</Filter>
    </ClCompile>
    <ClCompile Include="..\src\common\des.c">
      <Filter>rA_common</Filter>
    </ClCompile>
    <ClCompile Include="..\src\common\db.c">
      <Filter>rA_common</Filter>
    </ClCompile>
    <ClCompile Include="..\src\common\core.c">
      <Filter>rA_common</Filter>
    </ClCompile>
    <ClCompile Include="..\src\common\conf.c">
      <Filter>rA_common</Filter>
    </ClCompile>
    <ClCompile Include="..\src\common\cli.c">
      <Filter>rA_common</Filter>
    </ClCompile>
  </ItemGroup>
</Project>