<?xml version="1.0" encoding="utf-8"?>
<Project ToolsVersion="4.0" xmlns="http://schemas.microsoft.com/developer/msbuild/2003">
  <ItemGroup>
    <ClCompile Include="..\src\tool\mapcache.c">
      <Filter>mapcache</Filter>
    </ClCompile>
  </ItemGroup>
  <ItemGroup>
    <ClInclude Include="..\src\config\renewal.h">
      <Filter>config</Filter>
    </ClInclude>
  </ItemGroup>
  <ItemGroup>
    <Filter Include="mapcache">
      <UniqueIdentifier>{5ea9d6f7-0a10-4bfb-ad39-478e4b1d8a0d}</UniqueIdentifier>
    </Filter>
    <Filter Include="config">
      <UniqueIdentifier>{8ccd627c-fbb0-4bd1-bb96-a95bffa1dd8d}</UniqueIdentifier>
    </Filter>
  </ItemGroup>
</Project>